// !$*UTF8*$!
{
	archiveVersion = 1;
	classes = {
	};
	objectVersion = 46;
	objects = {

/* Begin PBXBuildFile section */
		A84154301C6BA53000621871 /* FeedTableViewController.swift in Sources */ = {isa = PBXBuildFile; fileRef = A841542F1C6BA53000621871 /* FeedTableViewController.swift */; };
		A84154321C6BA63D00621871 /* FeedTableViewCell.swift in Sources */ = {isa = PBXBuildFile; fileRef = A84154311C6BA63D00621871 /* FeedTableViewCell.swift */; };
		A84154341C6BD27800621871 /* SearchViewController.swift in Sources */ = {isa = PBXBuildFile; fileRef = A84154331C6BD27800621871 /* SearchViewController.swift */; };
		A8CFFB5D1C6905BA000E1A7E /* AppDelegate.swift in Sources */ = {isa = PBXBuildFile; fileRef = A8CFFB5C1C6905BA000E1A7E /* AppDelegate.swift */; };
		A8CFFB621C6905BA000E1A7E /* Main.storyboard in Resources */ = {isa = PBXBuildFile; fileRef = A8CFFB601C6905BA000E1A7E /* Main.storyboard */; };
		A8CFFB651C6905BA000E1A7E /* Exchangeagram.xcdatamodeld in Sources */ = {isa = PBXBuildFile; fileRef = A8CFFB631C6905BA000E1A7E /* Exchangeagram.xcdatamodeld */; };
		A8CFFB671C6905BA000E1A7E /* Assets.xcassets in Resources */ = {isa = PBXBuildFile; fileRef = A8CFFB661C6905BA000E1A7E /* Assets.xcassets */; };
		A8CFFB6A1C6905BA000E1A7E /* LaunchScreen.storyboard in Resources */ = {isa = PBXBuildFile; fileRef = A8CFFB681C6905BA000E1A7E /* LaunchScreen.storyboard */; };
		A8CFFB751C6905BA000E1A7E /* ExchangeagramTests.swift in Sources */ = {isa = PBXBuildFile; fileRef = A8CFFB741C6905BA000E1A7E /* ExchangeagramTests.swift */; };
		A8CFFB801C6905BA000E1A7E /* ExchangeagramUITests.swift in Sources */ = {isa = PBXBuildFile; fileRef = A8CFFB7F1C6905BA000E1A7E /* ExchangeagramUITests.swift */; };
		A8CFFB8E1C6906C7000E1A7E /* SignInViewController.swift in Sources */ = {isa = PBXBuildFile; fileRef = A8CFFB8D1C6906C7000E1A7E /* SignInViewController.swift */; };
		A8CFFB901C690883000E1A7E /* SignUpViewController.swift in Sources */ = {isa = PBXBuildFile; fileRef = A8CFFB8F1C690883000E1A7E /* SignUpViewController.swift */; };
		A8CFFB921C691109000E1A7E /* ResetPasswordViewController.swift in Sources */ = {isa = PBXBuildFile; fileRef = A8CFFB911C691109000E1A7E /* ResetPasswordViewController.swift */; };
		A8CFFB941C691709000E1A7E /* HomeCollectionViewController.swift in Sources */ = {isa = PBXBuildFile; fileRef = A8CFFB931C691709000E1A7E /* HomeCollectionViewController.swift */; };
		A8CFFB961C6919E0000E1A7E /* FollowersViewController.swift in Sources */ = {isa = PBXBuildFile; fileRef = A8CFFB951C6919E0000E1A7E /* FollowersViewController.swift */; };
		A8CFFB981C691BC7000E1A7E /* FollowersTableViewCell.swift in Sources */ = {isa = PBXBuildFile; fileRef = A8CFFB971C691BC7000E1A7E /* FollowersTableViewCell.swift */; };
		A8CFFB9A1C691F3A000E1A7E /* PictureCell.swift in Sources */ = {isa = PBXBuildFile; fileRef = A8CFFB991C691F3A000E1A7E /* PictureCell.swift */; };
		A8CFFB9C1C691F8C000E1A7E /* HomeResusableVC.swift in Sources */ = {isa = PBXBuildFile; fileRef = A8CFFB9B1C691F8C000E1A7E /* HomeResusableVC.swift */; };
/* End PBXBuildFile section */

/* Begin PBXContainerItemProxy section */
		A8CFFB711C6905BA000E1A7E /* PBXContainerItemProxy */ = {
			isa = PBXContainerItemProxy;
			containerPortal = A8CFFB511C6905BA000E1A7E /* Project object */;
			proxyType = 1;
			remoteGlobalIDString = A8CFFB581C6905BA000E1A7E;
			remoteInfo = Exchangeagram;
		};
		A8CFFB7C1C6905BA000E1A7E /* PBXContainerItemProxy */ = {
			isa = PBXContainerItemProxy;
			containerPortal = A8CFFB511C6905BA000E1A7E /* Project object */;
			proxyType = 1;
			remoteGlobalIDString = A8CFFB581C6905BA000E1A7E;
			remoteInfo = Exchangeagram;
		};
/* End PBXContainerItemProxy section */

/* Begin PBXFileReference section */
		A841542F1C6BA53000621871 /* FeedTableViewController.swift */ = {isa = PBXFileReference; fileEncoding = 4; lastKnownFileType = sourcecode.swift; path = FeedTableViewController.swift; sourceTree = "<group>"; };
		A84154311C6BA63D00621871 /* FeedTableViewCell.swift */ = {isa = PBXFileReference; fileEncoding = 4; lastKnownFileType = sourcecode.swift; path = FeedTableViewCell.swift; sourceTree = "<group>"; };
		A84154331C6BD27800621871 /* SearchViewController.swift */ = {isa = PBXFileReference; fileEncoding = 4; lastKnownFileType = sourcecode.swift; path = SearchViewController.swift; sourceTree = "<group>"; };
		A8CFFB591C6905BA000E1A7E /* Exchangeagram.app */ = {isa = PBXFileReference; explicitFileType = wrapper.application; includeInIndex = 0; path = Exchangeagram.app; sourceTree = BUILT_PRODUCTS_DIR; };
		A8CFFB5C1C6905BA000E1A7E /* AppDelegate.swift */ = {isa = PBXFileReference; lastKnownFileType = sourcecode.swift; path = AppDelegate.swift; sourceTree = "<group>"; };
		A8CFFB611C6905BA000E1A7E /* Base */ = {isa = PBXFileReference; lastKnownFileType = file.storyboard; name = Base; path = Base.lproj/Main.storyboard; sourceTree = "<group>"; };
		A8CFFB641C6905BA000E1A7E /* Exchangeagram.xcdatamodel */ = {isa = PBXFileReference; lastKnownFileType = wrapper.xcdatamodel; path = Exchangeagram.xcdatamodel; sourceTree = "<group>"; };
		A8CFFB661C6905BA000E1A7E /* Assets.xcassets */ = {isa = PBXFileReference; lastKnownFileType = folder.assetcatalog; path = Assets.xcassets; sourceTree = "<group>"; };
		A8CFFB691C6905BA000E1A7E /* Base */ = {isa = PBXFileReference; lastKnownFileType = file.storyboard; name = Base; path = Base.lproj/LaunchScreen.storyboard; sourceTree = "<group>"; };
		A8CFFB6B1C6905BA000E1A7E /* Info.plist */ = {isa = PBXFileReference; lastKnownFileType = text.plist.xml; path = Info.plist; sourceTree = "<group>"; };
		A8CFFB701C6905BA000E1A7E /* ExchangeagramTests.xctest */ = {isa = PBXFileReference; explicitFileType = wrapper.cfbundle; includeInIndex = 0; path = ExchangeagramTests.xctest; sourceTree = BUILT_PRODUCTS_DIR; };
		A8CFFB741C6905BA000E1A7E /* ExchangeagramTests.swift */ = {isa = PBXFileReference; lastKnownFileType = sourcecode.swift; path = ExchangeagramTests.swift; sourceTree = "<group>"; };
		A8CFFB761C6905BA000E1A7E /* Info.plist */ = {isa = PBXFileReference; lastKnownFileType = text.plist.xml; path = Info.plist; sourceTree = "<group>"; };
		A8CFFB7B1C6905BA000E1A7E /* ExchangeagramUITests.xctest */ = {isa = PBXFileReference; explicitFileType = wrapper.cfbundle; includeInIndex = 0; path = ExchangeagramUITests.xctest; sourceTree = BUILT_PRODUCTS_DIR; };
		A8CFFB7F1C6905BA000E1A7E /* ExchangeagramUITests.swift */ = {isa = PBXFileReference; lastKnownFileType = sourcecode.swift; path = ExchangeagramUITests.swift; sourceTree = "<group>"; };
		A8CFFB811C6905BA000E1A7E /* Info.plist */ = {isa = PBXFileReference; lastKnownFileType = text.plist.xml; path = Info.plist; sourceTree = "<group>"; };
		A8CFFB8D1C6906C7000E1A7E /* SignInViewController.swift */ = {isa = PBXFileReference; fileEncoding = 4; lastKnownFileType = sourcecode.swift; name = SignInViewController.swift; path = ../SignInViewController.swift; sourceTree = "<group>"; };
		A8CFFB8F1C690883000E1A7E /* SignUpViewController.swift */ = {isa = PBXFileReference; fileEncoding = 4; lastKnownFileType = sourcecode.swift; path = SignUpViewController.swift; sourceTree = "<group>"; };
		A8CFFB911C691109000E1A7E /* ResetPasswordViewController.swift */ = {isa = PBXFileReference; fileEncoding = 4; lastKnownFileType = sourcecode.swift; path = ResetPasswordViewController.swift; sourceTree = "<group>"; };
		A8CFFB931C691709000E1A7E /* HomeCollectionViewController.swift */ = {isa = PBXFileReference; fileEncoding = 4; lastKnownFileType = sourcecode.swift; path = HomeCollectionViewController.swift; sourceTree = "<group>"; };
		A8CFFB951C6919E0000E1A7E /* FollowersViewController.swift */ = {isa = PBXFileReference; fileEncoding = 4; lastKnownFileType = sourcecode.swift; path = FollowersViewController.swift; sourceTree = "<group>"; };
		A8CFFB971C691BC7000E1A7E /* FollowersTableViewCell.swift */ = {isa = PBXFileReference; fileEncoding = 4; lastKnownFileType = sourcecode.swift; path = FollowersTableViewCell.swift; sourceTree = "<group>"; };
		A8CFFB991C691F3A000E1A7E /* PictureCell.swift */ = {isa = PBXFileReference; fileEncoding = 4; lastKnownFileType = sourcecode.swift; path = PictureCell.swift; sourceTree = "<group>"; };
		A8CFFB9B1C691F8C000E1A7E /* HomeResusableVC.swift */ = {isa = PBXFileReference; fileEncoding = 4; lastKnownFileType = sourcecode.swift; path = HomeResusableVC.swift; sourceTree = "<group>"; };
/* End PBXFileReference section */

/* Begin PBXFrameworksBuildPhase section */
		A8CFFB561C6905BA000E1A7E /* Frameworks */ = {
			isa = PBXFrameworksBuildPhase;
			buildActionMask = 2147483647;
			files = (
			);
			runOnlyForDeploymentPostprocessing = 0;
		};
		A8CFFB6D1C6905BA000E1A7E /* Frameworks */ = {
			isa = PBXFrameworksBuildPhase;
			buildActionMask = 2147483647;
			files = (
			);
			runOnlyForDeploymentPostprocessing = 0;
		};
		A8CFFB781C6905BA000E1A7E /* Frameworks */ = {
			isa = PBXFrameworksBuildPhase;
			buildActionMask = 2147483647;
			files = (
			);
			runOnlyForDeploymentPostprocessing = 0;
		};
/* End PBXFrameworksBuildPhase section */

/* Begin PBXGroup section */
		A8CFFB501C6905BA000E1A7E = {
			isa = PBXGroup;
			children = (
				A8CFFB5B1C6905BA000E1A7E /* Exchangeagram */,
				A8CFFB731C6905BA000E1A7E /* ExchangeagramTests */,
				A8CFFB7E1C6905BA000E1A7E /* ExchangeagramUITests */,
				A8CFFB5A1C6905BA000E1A7E /* Products */,
			);
			sourceTree = "<group>";
		};
		A8CFFB5A1C6905BA000E1A7E /* Products */ = {
			isa = PBXGroup;
			children = (
				A8CFFB591C6905BA000E1A7E /* Exchangeagram.app */,
				A8CFFB701C6905BA000E1A7E /* ExchangeagramTests.xctest */,
				A8CFFB7B1C6905BA000E1A7E /* ExchangeagramUITests.xctest */,
			);
			name = Products;
			sourceTree = "<group>";
		};
		A8CFFB5B1C6905BA000E1A7E /* Exchangeagram */ = {
			isa = PBXGroup;
			children = (
				A84154311C6BA63D00621871 /* FeedTableViewCell.swift */,
				A841542F1C6BA53000621871 /* FeedTableViewController.swift */,
				A8CFFB5C1C6905BA000E1A7E /* AppDelegate.swift */,
				A8CFFB911C691109000E1A7E /* ResetPasswordViewController.swift */,
				A8CFFB8D1C6906C7000E1A7E /* SignInViewController.swift */,
				A8CFFB8F1C690883000E1A7E /* SignUpViewController.swift */,
				A8CFFB991C691F3A000E1A7E /* PictureCell.swift */,
				A8CFFB931C691709000E1A7E /* HomeCollectionViewController.swift */,
				A8CFFB9B1C691F8C000E1A7E /* HomeResusableVC.swift */,
				A8CFFB951C6919E0000E1A7E /* FollowersViewController.swift */,
				A8CFFB971C691BC7000E1A7E /* FollowersTableViewCell.swift */,
				A84154331C6BD27800621871 /* SearchViewController.swift */,
				A8CFFB601C6905BA000E1A7E /* Main.storyboard */,
				A8CFFB661C6905BA000E1A7E /* Assets.xcassets */,
				A8CFFB681C6905BA000E1A7E /* LaunchScreen.storyboard */,
				A8CFFB6B1C6905BA000E1A7E /* Info.plist */,
				A8CFFB631C6905BA000E1A7E /* Exchangeagram.xcdatamodeld */,
			);
			path = Exchangeagram;
			sourceTree = "<group>";
		};
		A8CFFB731C6905BA000E1A7E /* ExchangeagramTests */ = {
			isa = PBXGroup;
			children = (
				A8CFFB741C6905BA000E1A7E /* ExchangeagramTests.swift */,
				A8CFFB761C6905BA000E1A7E /* Info.plist */,
			);
			path = ExchangeagramTests;
			sourceTree = "<group>";
		};
		A8CFFB7E1C6905BA000E1A7E /* ExchangeagramUITests */ = {
			isa = PBXGroup;
			children = (
				A8CFFB7F1C6905BA000E1A7E /* ExchangeagramUITests.swift */,
				A8CFFB811C6905BA000E1A7E /* Info.plist */,
			);
			path = ExchangeagramUITests;
			sourceTree = "<group>";
		};
/* End PBXGroup section */

/* Begin PBXNativeTarget section */
		A8CFFB581C6905BA000E1A7E /* Exchangeagram */ = {
			isa = PBXNativeTarget;
			buildConfigurationList = A8CFFB841C6905BA000E1A7E /* Build configuration list for PBXNativeTarget "Exchangeagram" */;
			buildPhases = (
				A8CFFB551C6905BA000E1A7E /* Sources */,
				A8CFFB561C6905BA000E1A7E /* Frameworks */,
				A8CFFB571C6905BA000E1A7E /* Resources */,
			);
			buildRules = (
			);
			dependencies = (
			);
			name = Exchangeagram;
			productName = Exchangeagram;
			productReference = A8CFFB591C6905BA000E1A7E /* Exchangeagram.app */;
			productType = "com.apple.product-type.application";
		};
		A8CFFB6F1C6905BA000E1A7E /* ExchangeagramTests */ = {
			isa = PBXNativeTarget;
			buildConfigurationList = A8CFFB871C6905BA000E1A7E /* Build configuration list for PBXNativeTarget "ExchangeagramTests" */;
			buildPhases = (
				A8CFFB6C1C6905BA000E1A7E /* Sources */,
				A8CFFB6D1C6905BA000E1A7E /* Frameworks */,
				A8CFFB6E1C6905BA000E1A7E /* Resources */,
			);
			buildRules = (
			);
			dependencies = (
				A8CFFB721C6905BA000E1A7E /* PBXTargetDependency */,
			);
			name = ExchangeagramTests;
			productName = ExchangeagramTests;
			productReference = A8CFFB701C6905BA000E1A7E /* ExchangeagramTests.xctest */;
			productType = "com.apple.product-type.bundle.unit-test";
		};
		A8CFFB7A1C6905BA000E1A7E /* ExchangeagramUITests */ = {
			isa = PBXNativeTarget;
			buildConfigurationList = A8CFFB8A1C6905BA000E1A7E /* Build configuration list for PBXNativeTarget "ExchangeagramUITests" */;
			buildPhases = (
				A8CFFB771C6905BA000E1A7E /* Sources */,
				A8CFFB781C6905BA000E1A7E /* Frameworks */,
				A8CFFB791C6905BA000E1A7E /* Resources */,
			);
			buildRules = (
			);
			dependencies = (
				A8CFFB7D1C6905BA000E1A7E /* PBXTargetDependency */,
			);
			name = ExchangeagramUITests;
			productName = ExchangeagramUITests;
			productReference = A8CFFB7B1C6905BA000E1A7E /* ExchangeagramUITests.xctest */;
			productType = "com.apple.product-type.bundle.ui-testing";
		};
/* End PBXNativeTarget section */

/* Begin PBXProject section */
		A8CFFB511C6905BA000E1A7E /* Project object */ = {
			isa = PBXProject;
			attributes = {
				LastSwiftUpdateCheck = 0720;
				LastUpgradeCheck = 0720;
				ORGANIZATIONNAME = "CJM Inc.";
				TargetAttributes = {
					A8CFFB581C6905BA000E1A7E = {
						CreatedOnToolsVersion = 7.2;
					};
					A8CFFB6F1C6905BA000E1A7E = {
						CreatedOnToolsVersion = 7.2;
						TestTargetID = A8CFFB581C6905BA000E1A7E;
					};
					A8CFFB7A1C6905BA000E1A7E = {
						CreatedOnToolsVersion = 7.2;
						TestTargetID = A8CFFB581C6905BA000E1A7E;
					};
				};
			};
			buildConfigurationList = A8CFFB541C6905BA000E1A7E /* Build configuration list for PBXProject "Exchangeagram" */;
			compatibilityVersion = "Xcode 3.2";
			developmentRegion = English;
			hasScannedForEncodings = 0;
			knownRegions = (
				en,
				Base,
			);
			mainGroup = A8CFFB501C6905BA000E1A7E;
			productRefGroup = A8CFFB5A1C6905BA000E1A7E /* Products */;
			projectDirPath = "";
			projectRoot = "";
			targets = (
				A8CFFB581C6905BA000E1A7E /* Exchangeagram */,
				A8CFFB6F1C6905BA000E1A7E /* ExchangeagramTests */,
				A8CFFB7A1C6905BA000E1A7E /* ExchangeagramUITests */,
			);
		};
/* End PBXProject section */

/* Begin PBXResourcesBuildPhase section */
		A8CFFB571C6905BA000E1A7E /* Resources */ = {
			isa = PBXResourcesBuildPhase;
			buildActionMask = 2147483647;
			files = (
				A8CFFB6A1C6905BA000E1A7E /* LaunchScreen.storyboard in Resources */,
				A8CFFB671C6905BA000E1A7E /* Assets.xcassets in Resources */,
				A8CFFB621C6905BA000E1A7E /* Main.storyboard in Resources */,
			);
			runOnlyForDeploymentPostprocessing = 0;
		};
		A8CFFB6E1C6905BA000E1A7E /* Resources */ = {
			isa = PBXResourcesBuildPhase;
			buildActionMask = 2147483647;
			files = (
			);
			runOnlyForDeploymentPostprocessing = 0;
		};
		A8CFFB791C6905BA000E1A7E /* Resources */ = {
			isa = PBXResourcesBuildPhase;
			buildActionMask = 2147483647;
			files = (
			);
			runOnlyForDeploymentPostprocessing = 0;
		};
/* End PBXResourcesBuildPhase section */

/* Begin PBXSourcesBuildPhase section */
		A8CFFB551C6905BA000E1A7E /* Sources */ = {
			isa = PBXSourcesBuildPhase;
			buildActionMask = 2147483647;
			files = (
				A8CFFB651C6905BA000E1A7E /* Exchangeagram.xcdatamodeld in Sources */,
				A84154321C6BA63D00621871 /* FeedTableViewCell.swift in Sources */,
				A8CFFB5D1C6905BA000E1A7E /* AppDelegate.swift in Sources */,
				A84154301C6BA53000621871 /* FeedTableViewController.swift in Sources */,
				A8CFFB961C6919E0000E1A7E /* FollowersViewController.swift in Sources */,
				A8CFFB921C691109000E1A7E /* ResetPasswordViewController.swift in Sources */,
				A8CFFB9C1C691F8C000E1A7E /* HomeResusableVC.swift in Sources */,
				A8CFFB941C691709000E1A7E /* HomeCollectionViewController.swift in Sources */,
				A84154341C6BD27800621871 /* SearchViewController.swift in Sources */,
				A8CFFB9A1C691F3A000E1A7E /* PictureCell.swift in Sources */,
				A8CFFB901C690883000E1A7E /* SignUpViewController.swift in Sources */,
				A8CFFB8E1C6906C7000E1A7E /* SignInViewController.swift in Sources */,
				A8CFFB981C691BC7000E1A7E /* FollowersTableViewCell.swift in Sources */,
			);
			runOnlyForDeploymentPostprocessing = 0;
		};
		A8CFFB6C1C6905BA000E1A7E /* Sources */ = {
			isa = PBXSourcesBuildPhase;
			buildActionMask = 2147483647;
			files = (
				A8CFFB751C6905BA000E1A7E /* ExchangeagramTests.swift in Sources */,
			);
			runOnlyForDeploymentPostprocessing = 0;
		};
		A8CFFB771C6905BA000E1A7E /* Sources */ = {
			isa = PBXSourcesBuildPhase;
			buildActionMask = 2147483647;
			files = (
				A8CFFB801C6905BA000E1A7E /* ExchangeagramUITests.swift in Sources */,
			);
			runOnlyForDeploymentPostprocessing = 0;
		};
/* End PBXSourcesBuildPhase section */

/* Begin PBXTargetDependency section */
		A8CFFB721C6905BA000E1A7E /* PBXTargetDependency */ = {
			isa = PBXTargetDependency;
			target = A8CFFB581C6905BA000E1A7E /* Exchangeagram */;
			targetProxy = A8CFFB711C6905BA000E1A7E /* PBXContainerItemProxy */;
		};
		A8CFFB7D1C6905BA000E1A7E /* PBXTargetDependency */ = {
			isa = PBXTargetDependency;
			target = A8CFFB581C6905BA000E1A7E /* Exchangeagram */;
			targetProxy = A8CFFB7C1C6905BA000E1A7E /* PBXContainerItemProxy */;
		};
/* End PBXTargetDependency section */

/* Begin PBXVariantGroup section */
		A8CFFB601C6905BA000E1A7E /* Main.storyboard */ = {
			isa = PBXVariantGroup;
			children = (
				A8CFFB611C6905BA000E1A7E /* Base */,
			);
			name = Main.storyboard;
			sourceTree = "<group>";
		};
		A8CFFB681C6905BA000E1A7E /* LaunchScreen.storyboard */ = {
			isa = PBXVariantGroup;
			children = (
				A8CFFB691C6905BA000E1A7E /* Base */,
			);
			name = LaunchScreen.storyboard;
			sourceTree = "<group>";
		};
/* End PBXVariantGroup section */

/* Begin XCBuildConfiguration section */
		A8CFFB821C6905BA000E1A7E /* Debug */ = {
			isa = XCBuildConfiguration;
			buildSettings = {
				ALWAYS_SEARCH_USER_PATHS = NO;
				CLANG_CXX_LANGUAGE_STANDARD = "gnu++0x";
				CLANG_CXX_LIBRARY = "libc++";
				CLANG_ENABLE_MODULES = YES;
				CLANG_ENABLE_OBJC_ARC = YES;
				CLANG_WARN_BOOL_CONVERSION = YES;
				CLANG_WARN_CONSTANT_CONVERSION = YES;
				CLANG_WARN_DIRECT_OBJC_ISA_USAGE = YES_ERROR;
				CLANG_WARN_EMPTY_BODY = YES;
				CLANG_WARN_ENUM_CONVERSION = YES;
				CLANG_WARN_INT_CONVERSION = YES;
				CLANG_WARN_OBJC_ROOT_CLASS = YES_ERROR;
				CLANG_WARN_UNREACHABLE_CODE = YES;
				CLANG_WARN__DUPLICATE_METHOD_MATCH = YES;
				"CODE_SIGN_IDENTITY[sdk=iphoneos*]" = "iPhone Developer";
				COPY_PHASE_STRIP = NO;
				DEBUG_INFORMATION_FORMAT = dwarf;
				ENABLE_STRICT_OBJC_MSGSEND = YES;
				ENABLE_TESTABILITY = YES;
				GCC_C_LANGUAGE_STANDARD = gnu99;
				GCC_DYNAMIC_NO_PIC = NO;
				GCC_NO_COMMON_BLOCKS = YES;
				GCC_OPTIMIZATION_LEVEL = 0;
				GCC_PREPROCESSOR_DEFINITIONS = (
					"DEBUG=1",
					"$(inherited)",
				);
				GCC_WARN_64_TO_32_BIT_CONVERSION = YES;
				GCC_WARN_ABOUT_RETURN_TYPE = YES_ERROR;
				GCC_WARN_UNDECLARED_SELECTOR = YES;
				GCC_WARN_UNINITIALIZED_AUTOS = YES_AGGRESSIVE;
				GCC_WARN_UNUSED_FUNCTION = YES;
				GCC_WARN_UNUSED_VARIABLE = YES;
				IPHONEOS_DEPLOYMENT_TARGET = 9.2;
				MTL_ENABLE_DEBUG_INFO = YES;
				ONLY_ACTIVE_ARCH = YES;
				SDKROOT = iphoneos;
				SWIFT_OPTIMIZATION_LEVEL = "-Onone";
				TARGETED_DEVICE_FAMILY = "1,2";
			};
			name = Debug;
		};
		A8CFFB831C6905BA000E1A7E /* Release */ = {
			isa = XCBuildConfiguration;
			buildSettings = {
				ALWAYS_SEARCH_USER_PATHS = NO;
				CLANG_CXX_LANGUAGE_STANDARD = "gnu++0x";
				CLANG_CXX_LIBRARY = "libc++";
				CLANG_ENABLE_MODULES = YES;
				CLANG_ENABLE_OBJC_ARC = YES;
				CLANG_WARN_BOOL_CONVERSION = YES;
				CLANG_WARN_CONSTANT_CONVERSION = YES;
				CLANG_WARN_DIRECT_OBJC_ISA_USAGE = YES_ERROR;
				CLANG_WARN_EMPTY_BODY = YES;
				CLANG_WARN_ENUM_CONVERSION = YES;
				CLANG_WARN_INT_CONVERSION = YES;
				CLANG_WARN_OBJC_ROOT_CLASS = YES_ERROR;
				CLANG_WARN_UNREACHABLE_CODE = YES;
				CLANG_WARN__DUPLICATE_METHOD_MATCH = YES;
				"CODE_SIGN_IDENTITY[sdk=iphoneos*]" = "iPhone Developer";
				COPY_PHASE_STRIP = NO;
				DEBUG_INFORMATION_FORMAT = "dwarf-with-dsym";
				ENABLE_NS_ASSERTIONS = NO;
				ENABLE_STRICT_OBJC_MSGSEND = YES;
				GCC_C_LANGUAGE_STANDARD = gnu99;
				GCC_NO_COMMON_BLOCKS = YES;
				GCC_WARN_64_TO_32_BIT_CONVERSION = YES;
				GCC_WARN_ABOUT_RETURN_TYPE = YES_ERROR;
				GCC_WARN_UNDECLARED_SELECTOR = YES;
				GCC_WARN_UNINITIALIZED_AUTOS = YES_AGGRESSIVE;
				GCC_WARN_UNUSED_FUNCTION = YES;
				GCC_WARN_UNUSED_VARIABLE = YES;
				IPHONEOS_DEPLOYMENT_TARGET = 9.2;
				MTL_ENABLE_DEBUG_INFO = NO;
				SDKROOT = iphoneos;
				TARGETED_DEVICE_FAMILY = "1,2";
				VALIDATE_PRODUCT = YES;
			};
			name = Release;
		};
		A8CFFB851C6905BA000E1A7E /* Debug */ = {
			isa = XCBuildConfiguration;
			buildSettings = {
				ASSETCATALOG_COMPILER_APPICON_NAME = AppIcon;
				INFOPLIST_FILE = Exchangeagram/Info.plist;
				LD_RUNPATH_SEARCH_PATHS = "$(inherited) @executable_path/Frameworks";
				PRODUCT_BUNDLE_IDENTIFIER = mattdeuschle.Exchangeagram;
				PRODUCT_NAME = "$(TARGET_NAME)";
			};
			name = Debug;
		};
		A8CFFB861C6905BA000E1A7E /* Release */ = {
			isa = XCBuildConfiguration;
			buildSettings = {
				ASSETCATALOG_COMPILER_APPICON_NAME = AppIcon;
				INFOPLIST_FILE = Exchangeagram/Info.plist;
				LD_RUNPATH_SEARCH_PATHS = "$(inherited) @executable_path/Frameworks";
				PRODUCT_BUNDLE_IDENTIFIER = mattdeuschle.Exchangeagram;
				PRODUCT_NAME = "$(TARGET_NAME)";
			};
			name = Release;
		};
		A8CFFB881C6905BA000E1A7E /* Debug */ = {
			isa = XCBuildConfiguration;
			buildSettings = {
				BUNDLE_LOADER = "$(TEST_HOST)";
				INFOPLIST_FILE = ExchangeagramTests/Info.plist;
				LD_RUNPATH_SEARCH_PATHS = "$(inherited) @executable_path/Frameworks @loader_path/Frameworks";
				PRODUCT_BUNDLE_IDENTIFIER = mattdeuschle.ExchangeagramTests;
				PRODUCT_NAME = "$(TARGET_NAME)";
				TEST_HOST = "$(BUILT_PRODUCTS_DIR)/Exchangeagram.app/Exchangeagram";
			};
			name = Debug;
		};
		A8CFFB891C6905BA000E1A7E /* Release */ = {
			isa = XCBuildConfiguration;
			buildSettings = {
				BUNDLE_LOADER = "$(TEST_HOST)";
				INFOPLIST_FILE = ExchangeagramTests/Info.plist;
				LD_RUNPATH_SEARCH_PATHS = "$(inherited) @executable_path/Frameworks @loader_path/Frameworks";
				PRODUCT_BUNDLE_IDENTIFIER = mattdeuschle.ExchangeagramTests;
				PRODUCT_NAME = "$(TARGET_NAME)";
				TEST_HOST = "$(BUILT_PRODUCTS_DIR)/Exchangeagram.app/Exchangeagram";
			};
			name = Release;
		};
		A8CFFB8B1C6905BA000E1A7E /* Debug */ = {
			isa = XCBuildConfiguration;
			buildSettings = {
				INFOPLIST_FILE = ExchangeagramUITests/Info.plist;
				LD_RUNPATH_SEARCH_PATHS = "$(inherited) @executable_path/Frameworks @loader_path/Frameworks";
				PRODUCT_BUNDLE_IDENTIFIER = mattdeuschle.ExchangeagramUITests;
				PRODUCT_NAME = "$(TARGET_NAME)";
				TEST_TARGET_NAME = Exchangeagram;
				USES_XCTRUNNER = YES;
			};
			name = Debug;
		};
		A8CFFB8C1C6905BA000E1A7E /* Release */ = {
			isa = XCBuildConfiguration;
			buildSettings = {
				INFOPLIST_FILE = ExchangeagramUITests/Info.plist;
				LD_RUNPATH_SEARCH_PATHS = "$(inherited) @executable_path/Frameworks @loader_path/Frameworks";
				PRODUCT_BUNDLE_IDENTIFIER = mattdeuschle.ExchangeagramUITests;
				PRODUCT_NAME = "$(TARGET_NAME)";
				TEST_TARGET_NAME = Exchangeagram;
				USES_XCTRUNNER = YES;
			};
			name = Release;
		};
/* End XCBuildConfiguration section */

/* Begin XCConfigurationList section */
		A8CFFB541C6905BA000E1A7E /* Build configuration list for PBXProject "Exchangeagram" */ = {
			isa = XCConfigurationList;
			buildConfigurations = (
				A8CFFB821C6905BA000E1A7E /* Debug */,
				A8CFFB831C6905BA000E1A7E /* Release */,
			);
			defaultConfigurationIsVisible = 0;
			defaultConfigurationName = Release;
		};
		A8CFFB841C6905BA000E1A7E /* Build configuration list for PBXNativeTarget "Exchangeagram" */ = {
			isa = XCConfigurationList;
			buildConfigurations = (
				A8CFFB851C6905BA000E1A7E /* Debug */,
				A8CFFB861C6905BA000E1A7E /* Release */,
			);
			defaultConfigurationIsVisible = 0;
			defaultConfigurationName = Release;
		};
		A8CFFB871C6905BA000E1A7E /* Build configuration list for PBXNativeTarget "ExchangeagramTests" */ = {
			isa = XCConfigurationList;
			buildConfigurations = (
				A8CFFB881C6905BA000E1A7E /* Debug */,
				A8CFFB891C6905BA000E1A7E /* Release */,
			);
			defaultConfigurationIsVisible = 0;
			defaultConfigurationName = Release;
		};
		A8CFFB8A1C6905BA000E1A7E /* Build configuration list for PBXNativeTarget "ExchangeagramUITests" */ = {
			isa = XCConfigurationList;
			buildConfigurations = (
				A8CFFB8B1C6905BA000E1A7E /* Debug */,
				A8CFFB8C1C6905BA000E1A7E /* Release */,
			);
			defaultConfigurationIsVisible = 0;
			defaultConfigurationName = Release;
		};
/* End XCConfigurationList section */

/* Begin XCVersionGroup section */
		A8CFFB631C6905BA000E1A7E /* Exchangeagram.xcdatamodeld */ = {
			isa = XCVersionGroup;
			children = (
				A8CFFB641C6905BA000E1A7E /* Exchangeagram.xcdatamodel */,
			);
			currentVersion = A8CFFB641C6905BA000E1A7E /* Exchangeagram.xcdatamodel */;
			path = Exchangeagram.xcdatamodeld;
			sourceTree = "<group>";
			versionGroupType = wrapper.xcdatamodel;
		};
/* End XCVersionGroup section */
	};
	rootObject = A8CFFB511C6905BA000E1A7E /* Project object */;
}
